{
  "name": "double-meh",
  "version": "1.0.0",
  "lockfileVersion": 3,
  "requires": true,
  "packages": {
    "": {
      "name": "double-meh",
      "version": "1.0.0",
      "license": "BSD-3-Clause",
      "devDependencies": {
        "@types/node": "^26.1.0",
        "nano-benchmark": "^1.1.0",
        "prettier": "^3.9.4",
        "tape-six": "^1.13.0",
        "tape-six-playwright": "^1.2.0",
        "typescript": "^6.0.3",
        "wiki-search-index": "^0.2.0"
      },
      "engines": {
        "node": ">=20.3"
      },
      "funding": {
        "url": "https://github.com/sponsors/uhop"
      }
    },
    "node_modules/@types/node": {
      "version": "26.1.0",
      "resolved": "https://registry.npmjs.org/@types/node/-/node-26.1.0.tgz",
      "integrity": "sha512-O0A1G3xPGy4w7AgQdAQYUlQ+BKk2Oovw8eRpofyp5KdBZULnbe+WqaOVNrm705SHphCiG4XHsACrSmPu1f+Kgw==",
      "dev": true,
      "license": "MIT",
      "dependencies": {
        "undici-types": "~8.3.0"
      }
    },
    "node_modules/commander": {
      "version": "15.0.0",
      "resolved": "https://registry.npmjs.org/commander/-/commander-15.0.0.tgz",
      "integrity": "sha512-z67u4ZhzCL/Tydu1lJARtEZYWbWaN7oYLHbsuzocr6y4N6WZAagG3RQ4FW61V1/0+jImpj293XfrcYnd1qxtPg==",
      "dev": true,
      "license": "MIT",
      "engines": {
        "node": ">=22.12.0"
      }
    },
    "node_modules/console-toolkit": {
      "version": "1.4.0",
      "resolved": "https://registry.npmjs.org/console-toolkit/-/console-toolkit-1.4.0.tgz",
      "integrity": "sha512-Qw+won1+MUAu+UIYl7ZzH14t322Lm7u16DOc+j5lOxopem6Fw36slRyG/dBmDnHYV+qb3x5yurXMSonhEAhlvQ==",
      "dev": true,
      "license": "BSD-3-Clause",
      "funding": {
        "type": "github",
        "url": "https://github.com/sponsors/uhop"
      }
    },
    "node_modules/emoji-regex": {
      "version": "10.6.0",
      "resolved": "https://registry.npmjs.org/emoji-regex/-/emoji-regex-10.6.0.tgz",
      "integrity": "sha512-toUI84YS5YmxW219erniWD0CIVOo46xGKColeNQRgOzDorgBi1v4D71/OFzgD9GO2UGKIv1C3Sp8DAn0+j5w7A==",
      "dev": true,
      "license": "MIT"
    },
    "node_modules/fsevents": {
      "version": "2.3.2",
      "resolved": "https://registry.npmjs.org/fsevents/-/fsevents-2.3.2.tgz",
      "integrity": "sha512-xiqMQR4xAeHTuB9uWm+fFRcIOgKBMiOBP+eXiyT7jsgVCq1bkVygt00oASowB7EdtpOHaaPgKt812P9ab+DDKA==",
      "dev": true,
      "hasInstallScript": true,
      "license": "MIT",
      "optional": true,
      "os": [
        "darwin"
      ],
      "engines": {
        "node": "^8.16.0 || ^10.6.0 || >=11.0.0"
      }
    },
    "node_modules/get-east-asian-width": {
      "version": "1.6.0",
      "resolved": "https://registry.npmjs.org/get-east-asian-width/-/get-east-asian-width-1.6.0.tgz",
      "integrity": "sha512-QRbvDIbx6YklUe6RxeTeleMR0yv3cYH6PsPZHcnVn7xv7zO1BHN8r0XETu8n6Ye3Q+ahtSarc3WgtNWmehIBfA==",
      "dev": true,
      "license": "MIT",
      "engines": {
        "node": ">=18"
      },
      "funding": {
        "url": "https://github.com/sponsors/sindresorhus"
      }
    },
    "node_modules/nano-benchmark": {
      "version": "1.1.0",
      "resolved": "https://registry.npmjs.org/nano-benchmark/-/nano-benchmark-1.1.0.tgz",
      "integrity": "sha512-ktXrs2U6HQFIjoDXUD6MYSeKZjhZtztSTrZtpRVpTabAUMJb9VICfSdbqZyjCHlKXapfbI7g6LihKVfZREg+mQ==",
      "dev": true,
      "license": "BSD-3-Clause",
      "dependencies": {
        "commander": "^15.0.0",
        "console-toolkit": "^1.4.0",
        "emoji-regex": "^10.6.0",
        "get-east-asian-width": "^1.6.0"
      },
      "bin": {
        "nano-bench": "bin/nano-bench.js",
        "nano-bench-compare": "bin/nano-bench-compare.js",
        "nano-watch": "bin/nano-watch.js"
      },
      "funding": {
        "type": "github",
        "url": "https://github.com/sponsors/uhop"
      }
    },
    "node_modules/playwright": {
      "version": "1.61.1",
      "resolved": "https://registry.npmjs.org/playwright/-/playwright-1.61.1.tgz",
      "integrity": "sha512-DWnY5o3YbLWK4GovuAVwpqL+1VwGNdUGrRr++8j8PtQQzvAVZUIMjKQ90fY689sEJZJBbZVw1rXaOKSTitkzPQ==",
      "dev": true,
      "license": "Apache-2.0",
      "dependencies": {
        "playwright-core": "1.61.1"
      },
      "bin": {
        "playwright": "cli.js"
      },
      "engines": {
        "node": ">=18"
      },
      "optionalDependencies": {
        "fsevents": "2.3.2"
      }
    },
    "node_modules/playwright-core": {
      "version": "1.61.1",
      "resolved": "https://registry.npmjs.org/playwright-core/-/playwright-core-1.61.1.tgz",
      "integrity": "sha512-h7Qlt6m4REp25qvIdvbDtVmD4LqVXfpRxhORv9L0jzETM05p4fuPJ3dKyuSXQxDSbXnmS79HAgi9589lGSpLkg==",
      "dev": true,
      "license": "Apache-2.0",
      "bin": {
        "playwright-core": "cli.js"
      },
      "engines": {
        "node": ">=18"
      }
    },
    "node_modules/prettier": {
      "version": "3.9.4",
      "resolved": "https://registry.npmjs.org/prettier/-/prettier-3.9.4.tgz",
      "integrity": "sha512-yWG/o/4oJfo036EKAfK6ACAoDOfHeRHx4tuxkfBZiauURiaSmYwlpOr5LQqKtIkRD2z1PLteme2WoxEnj4tHTg==",
      "dev": true,
      "license": "MIT",
      "bin": {
        "prettier": "bin/prettier.cjs"
      },
      "engines": {
        "node": ">=14"
      },
      "funding": {
        "url": "https://github.com/prettier/prettier?sponsor=1"
      }
    },
    "node_modules/tape-six": {
      "version": "1.14.0",
      "resolved": "https://registry.npmjs.org/tape-six/-/tape-six-1.14.0.tgz",
      "integrity": "sha512-XohHlJp6qJGdi+/9fsfTJjXHIqTOfGp05nBDV/8odfcU4Ul/3VoFMOlo3YN6XZQfzByx5XxmzTTWhTipe7QIDw==",
      "dev": true,
      "license": "BSD-3-Clause",
      "bin": {
        "tape6": "bin/tape6.js",
        "tape6-bun": "bin/tape6-bun.js",
        "tape6-deno": "bin/tape6-deno.js",
        "tape6-node": "bin/tape6-node.js",
        "tape6-runner": "bin/tape6-runner.js",
        "tape6-seq": "bin/tape6-seq.js",
        "tape6-server": "bin/tape6-server.js"
      },
      "funding": {
        "url": "https://github.com/sponsors/uhop"
      }
    },
    "node_modules/tape-six-playwright": {
      "version": "1.2.1",
      "resolved": "https://registry.npmjs.org/tape-six-playwright/-/tape-six-playwright-1.2.1.tgz",
      "integrity": "sha512-Kl0+vRPvz1Vnc8ZQ6i3GhLlQjqXM4+ePSC+sx5pg/ebpvCgdy9J9G5C7YzMEXbARulNz97Zn+thlEjBGHaNSqQ==",
      "dev": true,
      "hasInstallScript": true,
      "license": "BSD-3-Clause",
      "dependencies": {
        "playwright": "^1.61.1",
        "tape-six": "^1.14.0"
      },
      "bin": {
        "tape6-playwright": "bin/tape6-playwright.js",
        "tape6-playwright-node": "bin/tape6-playwright-node.js"
      },
      "funding": {
        "url": "https://github.com/sponsors/uhop"
      }
    },
    "node_modules/typescript": {
      "version": "6.0.3",
      "resolved": "https://registry.npmjs.org/typescript/-/typescript-6.0.3.tgz",
      "integrity": "sha512-y2TvuxSZPDyQakkFRPZHKFm+KKVqIisdg9/CZwm9ftvKXLP8NRWj38/ODjNbr43SsoXqNuAisEf1GdCxqWcdBw==",
      "dev": true,
      "license": "Apache-2.0",
      "bin": {
        "tsc": "bin/tsc",
        "tsserver": "bin/tsserver"
      },
      "engines": {
        "node": ">=14.17"
      }
    },
    "node_modules/undici-types": {
      "version": "8.3.0",
      "resolved": "https://registry.npmjs.org/undici-types/-/undici-types-8.3.0.tgz",
      "integrity": "sha512-j375ScV60dom+YkPFIfTLcOiPxkN/buHz5GobjLhixFuANaNs3C9l4GmrWqejgXWJ7BbJcFYpTEUkS1Ge8bpZQ==",
      "dev": true,
      "license": "MIT"
    },
    "node_modules/wiki-search-index": {
      "version": "0.2.0",
      "resolved": "https://registry.npmjs.org/wiki-search-index/-/wiki-search-index-0.2.0.tgz",
      "integrity": "sha512-oWjXTtooj/rE44CjaXooxFzAGQ6Q0exeFfD8Afi7Dy9HuVFgap6uZbUkt+9OCRt7vZv3oD2zkF8LRf2kwFOO+A==",
      "dev": true,
      "license": "BSD-3-Clause",
      "bin": {
        "wiki-search-index": "builder/wiki-index.mjs"
      },
      "engines": {
        "node": ">=22"
      },
      "funding": {
        "type": "github",
        "url": "https://github.com/sponsors/uhop"
      }
    }
  }
}
